
Microsoft Visual Studio Solution File, Format Version 12.00
# Visual Studio Version 16
VisualStudioVersion = 16.0.32228.343
MinimumVisualStudioVersion = 10.0.40219.1
Project("{9A19103F-16F7-4668-BE54-9A1E7A4F7556}") = "ReportPublisher", "ReportPublisher.csproj", "{9886D6BE-FAB9-4CFE-92AE-81F0CE82FEA6}"
EndProject
Global
	GlobalSection(SolutionConfigurationPlatforms) = preSolution
		Debug|Any CPU = Debug|Any CPU
		Release|Any CPU = Release|Any CPU
	EndGlobalSection
	GlobalSection(ProjectConfigurationPlatforms) = postSolution
		{9886D6BE-FAB9-4CFE-92AE-81F0CE82FEA6}.Debug|Any CPU.ActiveCfg = Debug|Any CPU
		{9886D6BE-FAB9-4CFE-92AE-81F0CE82FEA6}.Debug|Any CPU.Build.0 = Debug|Any CPU
		{9886D6BE-FAB9-4CFE-92AE-81F0CE82FEA6}.Release|Any CPU.ActiveCfg = Release|Any CPU
		{9886D6BE-FAB9-4CFE-92AE-81F0CE82FEA6}.Release|Any CPU.Build.0 = Release|Any CPU
	EndGlobalSection
	GlobalSection(SolutionProperties) = preSolution
		HideSolutionNode = FALSE
	EndGlobalSection
	GlobalSection(ExtensibilityGlobals) = postSolution
		SolutionGuid = {A0B92820-F172-4055-9CA4-B75F794F62BE}
	EndGlobalSection
EndGlobal
